
Microsoft Visual Studio Solution File, Format Version 12.00
# Visual Studio Version 16
VisualStudioVersion = 16.0.31424.327
MinimumVisualStudioVersion = 10.0.40219.1
Project("{9A19103F-16F7-4668-BE54-9A1E7A4F7556}") = "Poly.Serialization", "Serialization\Poly.Serialization.csproj", "{F84123E6-0BB7-4157-B064-4AA6EDBE3D97}"
EndProject
Project("{9A19103F-16F7-4668-BE54-9A1E7A4F7556}") = "Poly.Serialization.Tests", "Serialization.Tests\Poly.Serialization.Tests.csproj", "{48B84D47-AFA4-44B5-9733-94D5B1B5C8F1}"
EndProject
Global
	GlobalSection(SolutionConfigurationPlatforms) = preSolution
		Debug|Any CPU = Debug|Any CPU
		Release|Any CPU = Release|Any CPU
	EndGlobalSection
	GlobalSection(ProjectConfigurationPlatforms) = postSolution
		{F84123E6-0BB7-4157-B064-4AA6EDBE3D97}.Debug|Any CPU.ActiveCfg = Debug|Any CPU
		{F84123E6-0BB7-4157-B064-4AA6EDBE3D97}.Debug|Any CPU.Build.0 = Debug|Any CPU
		{F84123E6-0BB7-4157-B064-4AA6EDBE3D97}.Release|Any CPU.ActiveCfg = Release|Any CPU
		{F84123E6-0BB7-4157-B064-4AA6EDBE3D97}.Release|Any CPU.Build.0 = Release|Any CPU
		{48B84D47-AFA4-44B5-9733-94D5B1B5C8F1}.Debug|Any CPU.ActiveCfg = Debug|Any CPU
		{48B84D47-AFA4-44B5-9733-94D5B1B5C8F1}.Debug|Any CPU.Build.0 = Debug|Any CPU
		{48B84D47-AFA4-44B5-9733-94D5B1B5C8F1}.Release|Any CPU.ActiveCfg = Release|Any CPU
		{48B84D47-AFA4-44B5-9733-94D5B1B5C8F1}.Release|Any CPU.Build.0 = Release|Any CPU
	EndGlobalSection
	GlobalSection(SolutionProperties) = preSolution
		HideSolutionNode = FALSE
	EndGlobalSection
	GlobalSection(ExtensibilityGlobals) = postSolution
		SolutionGuid = {3F4A3E2B-59B6-49E0-AF8C-647F6136BAE6}
	EndGlobalSection
EndGlobal
